
Microsoft Visual Studio Solution File, Format Version 12.00
# Visual Studio Version 17
VisualStudioVersion = 17.9.34622.214
MinimumVisualStudioVersion = 10.0.40219.1
Project("{FAE04EC0-301F-11D3-BF4B-00C04F79EFBC}") = "SistemaElectoral", "SistemaElectoral\SistemaElectoral.csproj", "{723BAB5F-3B9A-4CAD-AE71-A5A029FDB21C}"
EndProject
Global
	GlobalSection(SolutionConfigurationPlatforms) = preSolution
		Debug|Any CPU = Debug|Any CPU
		Release|Any CPU = Release|Any CPU
	EndGlobalSection
	GlobalSection(ProjectConfigurationPlatforms) = postSolution
		{723BAB5F-3B9A-4CAD-AE71-A5A029FDB21C}.Debug|Any CPU.ActiveCfg = Debug|Any CPU
		{723BAB5F-3B9A-4CAD-AE71-A5A029FDB21C}.Debug|Any CPU.Build.0 = Debug|Any CPU
		{723BAB5F-3B9A-4CAD-AE71-A5A029FDB21C}.Release|Any CPU.ActiveCfg = Release|Any CPU
		{723BAB5F-3B9A-4CAD-AE71-A5A029FDB21C}.Release|Any CPU.Build.0 = Release|Any CPU
	EndGlobalSection
	GlobalSection(SolutionProperties) = preSolution
		HideSolutionNode = FALSE
	EndGlobalSection
	GlobalSection(ExtensibilityGlobals) = postSolution
		SolutionGuid = {E8C75847-8157-4760-95FD-034F4C524009}
	EndGlobalSection
EndGlobal
